
Microsoft Visual Studio Solution File, Format Version 12.00
# Visual Studio Version 17
VisualStudioVersion = 17.0.31912.275
MinimumVisualStudioVersion = 10.0.40219.1
Project("{FAE04EC0-301F-11D3-BF4B-00C04F79EFBC}") = "bms_01", "bms_01\bms_01.csproj", "{1141C17C-1773-4EC4-9AA9-A78710FE45CD}"
EndProject
Global
	GlobalSection(SolutionConfigurationPlatforms) = preSolution
		Debug|Any CPU = Debug|Any CPU
		Release|Any CPU = Release|Any CPU
	EndGlobalSection
	GlobalSection(ProjectConfigurationPlatforms) = postSolution
		{1141C17C-1773-4EC4-9AA9-A78710FE45CD}.Debug|Any CPU.ActiveCfg = Debug|Any CPU
		{1141C17C-1773-4EC4-9AA9-A78710FE45CD}.Debug|Any CPU.Build.0 = Debug|Any CPU
		{1141C17C-1773-4EC4-9AA9-A78710FE45CD}.Release|Any CPU.ActiveCfg = Release|Any CPU
		{1141C17C-1773-4EC4-9AA9-A78710FE45CD}.Release|Any CPU.Build.0 = Release|Any CPU
	EndGlobalSection
	GlobalSection(SolutionProperties) = preSolution
		HideSolutionNode = FALSE
	EndGlobalSection
	GlobalSection(ExtensibilityGlobals) = postSolution
		SolutionGuid = {EABEB6B9-4E17-4559-9A18-9DA98EB08AC4}
	EndGlobalSection
EndGlobal
